// !$*UTF8*$!
{
	archiveVersion = 1;
	classes = {
	};
	objectVersion = 77;
	objects = {

/* Begin PBXBuildFile section */
		567D5918A4D136D500491377 /* Pods_CityWalk.framework in Frameworks */ = {isa = PBXBuildFile; fileRef = A5419D18F76A3A23F092D586 /* Pods_CityWalk.framework */; };
/* End PBXBuildFile section */

/* Begin PBXContainerItemProxy section */
		C76710E22DBB71A6001069C7 /* PBXContainerItemProxy */ = {
			isa = PBXContainerItemProxy;
			containerPortal = C76710CA2DBB71A6001069C7 /* Project object */;
			proxyType = 1;
			remoteGlobalIDString = C76710D12DBB71A6001069C7;
			remoteInfo = CityWalk;
		};
		C76710EC2DBB71A6001069C7 /* PBXContainerItemProxy */ = {
			isa = PBXContainerItemProxy;
			containerPortal = C76710CA2DBB71A6001069C7 /* Project object */;
			proxyType = 1;
			remoteGlobalIDString = C76710D12DBB71A6001069C7;
			remoteInfo = CityWalk;
		};
/* End PBXContainerItemProxy section */

/* Begin PBXFileReference section */
		01A2571BF626EB10661C2D5B /* Pods-CityWalk.release.xcconfig */ = {isa = PBXFileReference; includeInIndex = 1; lastKnownFileType = text.xcconfig; name = "Pods-CityWalk.release.xcconfig"; path = "Target Support Files/Pods-CityWalk/Pods-CityWalk.release.xcconfig"; sourceTree = "<group>"; };
		0F487F10611DF764B83105A1 /* Pods-CityWalk.debug.xcconfig */ = {isa = PBXFileReference; includeInIndex = 1; lastKnownFileType = text.xcconfig; name = "Pods-CityWalk.debug.xcconfig"; path = "Target Support Files/Pods-CityWalk/Pods-CityWalk.debug.xcconfig"; sourceTree = "<group>"; };
		A5419D18F76A3A23F092D586 /* Pods_CityWalk.framework */ = {isa = PBXFileReference; explicitFileType = wrapper.framework; includeInIndex = 0; path = Pods_CityWalk.framework; sourceTree = BUILT_PRODUCTS_DIR; };
		C76710D22DBB71A6001069C7 /* CityWalk.app */ = {isa = PBXFileReference; explicitFileType = wrapper.application; includeInIndex = 0; path = CityWalk.app; sourceTree = BUILT_PRODUCTS_DIR; };
		C76710E12DBB71A6001069C7 /* CityWalkTests.xctest */ = {isa = PBXFileReference; explicitFileType = wrapper.cfbundle; includeInIndex = 0; path = CityWalkTests.xctest; sourceTree = BUILT_PRODUCTS_DIR; };
		C76710EB2DBB71A6001069C7 /* CityWalkUITests.xctest */ = {isa = PBXFileReference; explicitFileType = wrapper.cfbundle; includeInIndex = 0; path = CityWalkUITests.xctest; sourceTree = BUILT_PRODUCTS_DIR; };
/* End PBXFileReference section */

/* Begin PBXFileSystemSynchronizedBuildFileExceptionSet section */
		71DED6062E0E3B2B0015055A /* Exceptions for "CityWalk" folder in "CityWalk" target */ = {
			isa = PBXFileSystemSynchronizedBuildFileExceptionSet;
			membershipExceptions = (
				Info.plist,
			);
			target = C76710D12DBB71A6001069C7 /* CityWalk */;
		};
/* End PBXFileSystemSynchronizedBuildFileExceptionSet section */

/* Begin PBXFileSystemSynchronizedRootGroup section */
		C76710D42DBB71A6001069C7 /* CityWalk */ = {
			isa = PBXFileSystemSynchronizedRootGroup;
			exceptions = (
				71DED6062E0E3B2B0015055A /* Exceptions for "CityWalk" folder in "CityWalk" target */,
			);
			path = CityWalk;
			sourceTree = "<group>";
		};
		C76710E42DBB71A6001069C7 /* CityWalkTests */ = {
			isa = PBXFileSystemSynchronizedRootGroup;
			exceptions = (
			);
			path = CityWalkTests;
			sourceTree = "<group>";
		};
		C76710EE2DBB71A6001069C7 /* CityWalkUITests */ = {
			isa = PBXFileSystemSynchronizedRootGroup;
			exceptions = (
			);
			path = CityWalkUITests;
			sourceTree = "<group>";
		};
/* End PBXFileSystemSynchronizedRootGroup section */

/* Begin PBXFrameworksBuildPhase section */
		C76710CF2DBB71A6001069C7 /* Frameworks */ = {
			isa = PBXFrameworksBuildPhase;
			buildActionMask = 2147483647;
			files = (
				567D5918A4D136D500491377 /* Pods_CityWalk.framework in Frameworks */,
			);
			runOnlyForDeploymentPostprocessing = 0;
		};
		C76710DE2DBB71A6001069C7 /* Frameworks */ = {
			isa = PBXFrameworksBuildPhase;
			buildActionMask = 2147483647;
			files = (
			);
			runOnlyForDeploymentPostprocessing = 0;
		};
		C76710E82DBB71A6001069C7 /* Frameworks */ = {
			isa = PBXFrameworksBuildPhase;
			buildActionMask = 2147483647;
			files = (
			);
			runOnlyForDeploymentPostprocessing = 0;
		};
/* End PBXFrameworksBuildPhase section */

/* Begin PBXGroup section */
		27C1906C8F6DC703CAFC85A3 /* Frameworks */ = {
			isa = PBXGroup;
			children = (
				A5419D18F76A3A23F092D586 /* Pods_CityWalk.framework */,
			);
			name = Frameworks;
			sourceTree = "<group>";
		};
		55D825BC373A0B9BDA1E20BB /* Pods */ = {
			isa = PBXGroup;
			children = (
				0F487F10611DF764B83105A1 /* Pods-CityWalk.debug.xcconfig */,
				01A2571BF626EB10661C2D5B /* Pods-CityWalk.release.xcconfig */,
			);
			path = Pods;
			sourceTree = "<group>";
		};
		C76710C92DBB71A6001069C7 = {
			isa = PBXGroup;
			children = (
				C76710D42DBB71A6001069C7 /* CityWalk */,
				C76710E42DBB71A6001069C7 /* CityWalkTests */,
				C76710EE2DBB71A6001069C7 /* CityWalkUITests */,
				C76710D32DBB71A6001069C7 /* Products */,
				55D825BC373A0B9BDA1E20BB /* Pods */,
				27C1906C8F6DC703CAFC85A3 /* Frameworks */,
			);
			sourceTree = "<group>";
		};
		C76710D32DBB71A6001069C7 /* Products */ = {
			isa = PBXGroup;
			children = (
				C76710D22DBB71A6001069C7 /* CityWalk.app */,
				C76710E12DBB71A6001069C7 /* CityWalkTests.xctest */,
				C76710EB2DBB71A6001069C7 /* CityWalkUITests.xctest */,
			);
			name = Products;
			sourceTree = "<group>";
		};
/* End PBXGroup section */

/* Begin PBXNativeTarget section */
		C76710D12DBB71A6001069C7 /* CityWalk */ = {
			isa = PBXNativeTarget;
			buildConfigurationList = C76710F52DBB71A6001069C7 /* Build configuration list for PBXNativeTarget "CityWalk" */;
			buildPhases = (
				F4C7662B193378293E21E39B /* [CP] Check Pods Manifest.lock */,
				C76710CE2DBB71A6001069C7 /* Sources */,
				C76710CF2DBB71A6001069C7 /* Frameworks */,
				C76710D02DBB71A6001069C7 /* Resources */,
				9C4F065FD39F9FEB703587D3 /* [CP] Copy Pods Resources */,
			);
			buildRules = (
			);
			dependencies = (
			);
			fileSystemSynchronizedGroups = (
				C76710D42DBB71A6001069C7 /* CityWalk */,
			);
			name = CityWalk;
			productName = CityWalk;
			productReference = C76710D22DBB71A6001069C7 /* CityWalk.app */;
			productType = "com.apple.product-type.application";
		};
		C76710E02DBB71A6001069C7 /* CityWalkTests */ = {
			isa = PBXNativeTarget;
			buildConfigurationList = C76710F82DBB71A6001069C7 /* Build configuration list for PBXNativeTarget "CityWalkTests" */;
			buildPhases = (
				C76710DD2DBB71A6001069C7 /* Sources */,
				C76710DE2DBB71A6001069C7 /* Frameworks */,
				C76710DF2DBB71A6001069C7 /* Resources */,
			);
			buildRules = (
			);
			dependencies = (
				C76710E32DBB71A6001069C7 /* PBXTargetDependency */,
			);
			fileSystemSynchronizedGroups = (
				C76710E42DBB71A6001069C7 /* CityWalkTests */,
			);
			name = CityWalkTests;
			productName = CityWalkTests;
			productReference = C76710E12DBB71A6001069C7 /* CityWalkTests.xctest */;
			productType = "com.apple.product-type.bundle.unit-test";
		};
		C76710EA2DBB71A6001069C7 /* CityWalkUITests */ = {
			isa = PBXNativeTarget;
			buildConfigurationList = C76710FB2DBB71A6001069C7 /* Build configuration list for PBXNativeTarget "CityWalkUITests" */;
			buildPhases = (
				C76710E72DBB71A6001069C7 /* Sources */,
				C76710E82DBB71A6001069C7 /* Frameworks */,
				C76710E92DBB71A6001069C7 /* Resources */,
			);
			buildRules = (
			);
			dependencies = (
				C76710ED2DBB71A6001069C7 /* PBXTargetDependency */,
			);
			fileSystemSynchronizedGroups = (
				C76710EE2DBB71A6001069C7 /* CityWalkUITests */,
			);
			name = CityWalkUITests;
			productName = CityWalkUITests;
			productReference = C76710EB2DBB71A6001069C7 /* CityWalkUITests.xctest */;
			productType = "com.apple.product-type.bundle.ui-testing";
		};
/* End PBXNativeTarget section */

/* Begin PBXProject section */
		C76710CA2DBB71A6001069C7 /* Project object */ = {
			isa = PBXProject;
			attributes = {
				BuildIndependentTargetsInParallel = 1;
				LastSwiftUpdateCheck = 1630;
				LastUpgradeCheck = 1630;
				TargetAttributes = {
					C76710D12DBB71A6001069C7 = {
						CreatedOnToolsVersion = 16.3;
					};
					C76710E02DBB71A6001069C7 = {
						CreatedOnToolsVersion = 16.3;
						TestTargetID = C76710D12DBB71A6001069C7;
					};
					C76710EA2DBB71A6001069C7 = {
						CreatedOnToolsVersion = 16.3;
						TestTargetID = C76710D12DBB71A6001069C7;
					};
				};
			};
			buildConfigurationList = C76710CD2DBB71A6001069C7 /* Build configuration list for PBXProject "CityWalk" */;
			developmentRegion = en;
			hasScannedForEncodings = 0;
			knownRegions = (
				en,
				Base,
			);
			mainGroup = C76710C92DBB71A6001069C7;
			minimizedProjectReferenceProxies = 1;
			preferredProjectObjectVersion = 77;
			productRefGroup = C76710D32DBB71A6001069C7 /* Products */;
			projectDirPath = "";
			projectRoot = "";
			targets = (
				C76710D12DBB71A6001069C7 /* CityWalk */,
				C76710E02DBB71A6001069C7 /* CityWalkTests */,
				C76710EA2DBB71A6001069C7 /* CityWalkUITests */,
			);
		};
/* End PBXProject section */

/* Begin PBXResourcesBuildPhase section */
		C76710D02DBB71A6001069C7 /* Resources */ = {
			isa = PBXResourcesBuildPhase;
			buildActionMask = 2147483647;
			files = (
			);
			runOnlyForDeploymentPostprocessing = 0;
		};
		C76710DF2DBB71A6001069C7 /* Resources */ = {
			isa = PBXResourcesBuildPhase;
			buildActionMask = 2147483647;
			files = (
			);
			runOnlyForDeploymentPostprocessing = 0;
		};
		C76710E92DBB71A6001069C7 /* Resources */ = {
			isa = PBXResourcesBuildPhase;
			buildActionMask = 2147483647;
			files = (
			);
			runOnlyForDeploymentPostprocessing = 0;
		};
/* End PBXResourcesBuildPhase section */

/* Begin PBXShellScriptBuildPhase section */
		9C4F065FD39F9FEB703587D3 /* [CP] Copy Pods Resources */ = {
			isa = PBXShellScriptBuildPhase;
			buildActionMask = 2147483647;
			files = (
			);
			inputFileListPaths = (
				"${PODS_ROOT}/Target Support Files/Pods-CityWalk/Pods-CityWalk-resources-${CONFIGURATION}-input-files.xcfilelist",
			);
			name = "[CP] Copy Pods Resources";
			outputFileListPaths = (
				"${PODS_ROOT}/Target Support Files/Pods-CityWalk/Pods-CityWalk-resources-${CONFIGURATION}-output-files.xcfilelist",
			);
			runOnlyForDeploymentPostprocessing = 0;
			shellPath = /bin/sh;
			shellScript = "\"${PODS_ROOT}/Target Support Files/Pods-CityWalk/Pods-CityWalk-resources.sh\"\n";
			showEnvVarsInLog = 0;
		};
		F4C7662B193378293E21E39B /* [CP] Check Pods Manifest.lock */ = {
			isa = PBXShellScriptBuildPhase;
			buildActionMask = 2147483647;
			files = (
			);
			inputFileListPaths = (
			);
			inputPaths = (
				"${PODS_PODFILE_DIR_PATH}/Podfile.lock",
				"${PODS_ROOT}/Manifest.lock",
			);
			name = "[CP] Check Pods Manifest.lock";
			outputFileListPaths = (
			);
			outputPaths = (
				"$(DERIVED_FILE_DIR)/Pods-CityWalk-checkManifestLockResult.txt",
			);
			runOnlyForDeploymentPostprocessing = 0;
			shellPath = /bin/sh;
			shellScript = "diff \"${PODS_PODFILE_DIR_PATH}/Podfile.lock\" \"${PODS_ROOT}/Manifest.lock\" > /dev/null\nif [ $? != 0 ] ; then\n    # print error to STDERR\n    echo \"error: The sandbox is not in sync with the Podfile.lock. Run 'pod install' or update your CocoaPods installation.\" >&2\n    exit 1\nfi\n# This output is used by Xcode 'outputs' to avoid re-running this script phase.\necho \"SUCCESS\" > \"${SCRIPT_OUTPUT_FILE_0}\"\n";
			showEnvVarsInLog = 0;
		};
/* End PBXShellScriptBuildPhase section */

/* Begin PBXSourcesBuildPhase section */
		C76710CE2DBB71A6001069C7 /* Sources */ = {
			isa = PBXSourcesBuildPhase;
			buildActionMask = 2147483647;
			files = (
			);
			runOnlyForDeploymentPostprocessing = 0;
		};
		C76710DD2DBB71A6001069C7 /* Sources */ = {
			isa = PBXSourcesBuildPhase;
			buildActionMask = 2147483647;
			files = (
			);
			runOnlyForDeploymentPostprocessing = 0;
		};
		C76710E72DBB71A6001069C7 /* Sources */ = {
			isa = PBXSourcesBuildPhase;
			buildActionMask = 2147483647;
			files = (
			);
			runOnlyForDeploymentPostprocessing = 0;
		};
/* End PBXSourcesBuildPhase section */

/* Begin PBXTargetDependency section */
		C76710E32DBB71A6001069C7 /* PBXTargetDependency */ = {
			isa = PBXTargetDependency;
			target = C76710D12DBB71A6001069C7 /* CityWalk */;
			targetProxy = C76710E22DBB71A6001069C7 /* PBXContainerItemProxy */;
		};
		C76710ED2DBB71A6001069C7 /* PBXTargetDependency */ = {
			isa = PBXTargetDependency;
			target = C76710D12DBB71A6001069C7 /* CityWalk */;
			targetProxy = C76710EC2DBB71A6001069C7 /* PBXContainerItemProxy */;
		};
/* End PBXTargetDependency section */

/* Begin XCBuildConfiguration section */
		C76710F32DBB71A6001069C7 /* Debug */ = {
			isa = XCBuildConfiguration;
			buildSettings = {
				ALWAYS_SEARCH_USER_PATHS = NO;
				ASSETCATALOG_COMPILER_GENERATE_SWIFT_ASSET_SYMBOL_EXTENSIONS = YES;
				CLANG_ANALYZER_NONNULL = YES;
				CLANG_ANALYZER_NUMBER_OBJECT_CONVERSION = YES_AGGRESSIVE;
				CLANG_CXX_LANGUAGE_STANDARD = "gnu++20";
				CLANG_ENABLE_MODULES = YES;
				CLANG_ENABLE_OBJC_ARC = YES;
				CLANG_ENABLE_OBJC_WEAK = YES;
				CLANG_WARN_BLOCK_CAPTURE_AUTORELEASING = YES;
				CLANG_WARN_BOOL_CONVERSION = YES;
				CLANG_WARN_COMMA = YES;
				CLANG_WARN_CONSTANT_CONVERSION = YES;
				CLANG_WARN_DEPRECATED_OBJC_IMPLEMENTATIONS = YES;
				CLANG_WARN_DIRECT_OBJC_ISA_USAGE = YES_ERROR;
				CLANG_WARN_DOCUMENTATION_COMMENTS = YES;
				CLANG_WARN_EMPTY_BODY = YES;
				CLANG_WARN_ENUM_CONVERSION = YES;
				CLANG_WARN_INFINITE_RECURSION = YES;
				CLANG_WARN_INT_CONVERSION = YES;
				CLANG_WARN_NON_LITERAL_NULL_CONVERSION = YES;
				CLANG_WARN_OBJC_IMPLICIT_RETAIN_SELF = YES;
				CLANG_WARN_OBJC_LITERAL_CONVERSION = YES;
				CLANG_WARN_OBJC_ROOT_CLASS = YES_ERROR;
				CLANG_WARN_QUOTED_INCLUDE_IN_FRAMEWORK_HEADER = YES;
				CLANG_WARN_RANGE_LOOP_ANALYSIS = YES;
				CLANG_WARN_STRICT_PROTOTYPES = YES;
				CLANG_WARN_SUSPICIOUS_MOVE = YES;
				CLANG_WARN_UNGUARDED_AVAILABILITY = YES_AGGRESSIVE;
				CLANG_WARN_UNREACHABLE_CODE = YES;
				CLANG_WARN__DUPLICATE_METHOD_MATCH = YES;
				COPY_PHASE_STRIP = NO;
				DEBUG_INFORMATION_FORMAT = dwarf;
				ENABLE_STRICT_OBJC_MSGSEND = YES;
				ENABLE_TESTABILITY = YES;
				ENABLE_USER_SCRIPT_SANDBOXING = YES;
				GCC_C_LANGUAGE_STANDARD = gnu17;
				GCC_DYNAMIC_NO_PIC = NO;
				GCC_NO_COMMON_BLOCKS = YES;
				GCC_OPTIMIZATION_LEVEL = 0;
				GCC_PREPROCESSOR_DEFINITIONS = (
					"DEBUG=1",
					"$(inherited)",
				);
				GCC_WARN_64_TO_32_BIT_CONVERSION = YES;
				GCC_WARN_ABOUT_RETURN_TYPE = YES_ERROR;
				GCC_WARN_UNDECLARED_SELECTOR = YES;
				GCC_WARN_UNINITIALIZED_AUTOS = YES_AGGRESSIVE;
				GCC_WARN_UNUSED_FUNCTION = YES;
				GCC_WARN_UNUSED_VARIABLE = YES;
				IPHONEOS_DEPLOYMENT_TARGET = 18.4;
				LOCALIZATION_PREFERS_STRING_CATALOGS = YES;
				MTL_ENABLE_DEBUG_INFO = INCLUDE_SOURCE;
				MTL_FAST_MATH = YES;
				ONLY_ACTIVE_ARCH = YES;
				SDKROOT = iphoneos;
				SWIFT_ACTIVE_COMPILATION_CONDITIONS = "DEBUG $(inherited)";
				SWIFT_OPTIMIZATION_LEVEL = "-Onone";
			};
			name = Debug;
		};
		C76710F42DBB71A6001069C7 /* Release */ = {
			isa = XCBuildConfiguration;
			buildSettings = {
				ALWAYS_SEARCH_USER_PATHS = NO;
				ASSETCATALOG_COMPILER_GENERATE_SWIFT_ASSET_SYMBOL_EXTENSIONS = YES;
				CLANG_ANALYZER_NONNULL = YES;
				CLANG_ANALYZER_NUMBER_OBJECT_CONVERSION = YES_AGGRESSIVE;
				CLANG_CXX_LANGUAGE_STANDARD = "gnu++20";
				CLANG_ENABLE_MODULES = YES;
				CLANG_ENABLE_OBJC_ARC = YES;
				CLANG_ENABLE_OBJC_WEAK = YES;
				CLANG_WARN_BLOCK_CAPTURE_AUTORELEASING = YES;
				CLANG_WARN_BOOL_CONVERSION = YES;
				CLANG_WARN_COMMA = YES;
				CLANG_WARN_CONSTANT_CONVERSION = YES;
				CLANG_WARN_DEPRECATED_OBJC_IMPLEMENTATIONS = YES;
				CLANG_WARN_DIRECT_OBJC_ISA_USAGE = YES_ERROR;
				CLANG_WARN_DOCUMENTATION_COMMENTS = YES;
				CLANG_WARN_EMPTY_BODY = YES;
				CLANG_WARN_ENUM_CONVERSION = YES;
				CLANG_WARN_INFINITE_RECURSION = YES;
				CLANG_WARN_INT_CONVERSION = YES;
				CLANG_WARN_NON_LITERAL_NULL_CONVERSION = YES;
				CLANG_WARN_OBJC_IMPLICIT_RETAIN_SELF = YES;
				CLANG_WARN_OBJC_LITERAL_CONVERSION = YES;
				CLANG_WARN_OBJC_ROOT_CLASS = YES_ERROR;
				CLANG_WARN_QUOTED_INCLUDE_IN_FRAMEWORK_HEADER = YES;
				CLANG_WARN_RANGE_LOOP_ANALYSIS = YES;
				CLANG_WARN_STRICT_PROTOTYPES = YES;
				CLANG_WARN_SUSPICIOUS_MOVE = YES;
				CLANG_WARN_UNGUARDED_AVAILABILITY = YES_AGGRESSIVE;
				CLANG_WARN_UNREACHABLE_CODE = YES;
				CLANG_WARN__DUPLICATE_METHOD_MATCH = YES;
				COPY_PHASE_STRIP = NO;
				DEBUG_INFORMATION_FORMAT = "dwarf-with-dsym";
				ENABLE_NS_ASSERTIONS = NO;
				ENABLE_STRICT_OBJC_MSGSEND = YES;
				ENABLE_USER_SCRIPT_SANDBOXING = YES;
				GCC_C_LANGUAGE_STANDARD = gnu17;
				GCC_NO_COMMON_BLOCKS = YES;
				GCC_WARN_64_TO_32_BIT_CONVERSION = YES;
				GCC_WARN_ABOUT_RETURN_TYPE = YES_ERROR;
				GCC_WARN_UNDECLARED_SELECTOR = YES;
				GCC_WARN_UNINITIALIZED_AUTOS = YES_AGGRESSIVE;
				GCC_WARN_UNUSED_FUNCTION = YES;
				GCC_WARN_UNUSED_VARIABLE = YES;
				IPHONEOS_DEPLOYMENT_TARGET = 18.4;
				LOCALIZATION_PREFERS_STRING_CATALOGS = YES;
				MTL_ENABLE_DEBUG_INFO = NO;
				MTL_FAST_MATH = YES;
				SDKROOT = iphoneos;
				SWIFT_COMPILATION_MODE = wholemodule;
				VALIDATE_PRODUCT = YES;
			};
			name = Release;
		};
		C76710F62DBB71A6001069C7 /* Debug */ = {
			isa = XCBuildConfiguration;
			baseConfigurationReference = 0F487F10611DF764B83105A1 /* Pods-CityWalk.debug.xcconfig */;
			buildSettings = {
				ASSETCATALOG_COMPILER_APPICON_NAME = AppIcon;
				ASSETCATALOG_COMPILER_GLOBAL_ACCENT_COLOR_NAME = AccentColor;
				CODE_SIGN_STYLE = Automatic;
				CURRENT_PROJECT_VERSION = 1;
				DEVELOPMENT_TEAM = XVK6B2JV78;
				ENABLE_PREVIEWS = YES;
				ENABLE_USER_SCRIPT_SANDBOXING = NO;
				GENERATE_INFOPLIST_FILE = NO;
				INFOPLIST_FILE = CityWalk/Info.plist;
				INFOPLIST_KEY_UIApplicationSceneManifest_Generation = YES;
				INFOPLIST_KEY_UIApplicationSupportsIndirectInputEvents = YES;
				INFOPLIST_KEY_UILaunchScreen_Generation = YES;
				INFOPLIST_KEY_UISupportedInterfaceOrientations_iPad = "UIInterfaceOrientationPortrait UIInterfaceOrientationPortraitUpsideDown UIInterfaceOrientationLandscapeLeft UIInterfaceOrientationLandscapeRight";
				INFOPLIST_KEY_UISupportedInterfaceOrientations_iPhone = "UIInterfaceOrientationPortrait UIInterfaceOrientationLandscapeLeft UIInterfaceOrientationLandscapeRight";
				IPHONEOS_DEPLOYMENT_TARGET = 18.0;
				LD_RUNPATH_SEARCH_PATHS = (
					"$(inherited)",
					"@executable_path/Frameworks",
				);
				MARKETING_VERSION = 1.0;
				PRODUCT_BUNDLE_IDENTIFIER = none.green.CityWalk;
				PRODUCT_NAME = "$(TARGET_NAME)";
				SUPPORTED_PLATFORMS = "iphoneos iphonesimulator";
				SUPPORTS_MACCATALYST = NO;
				SUPPORTS_XR_DESIGNED_FOR_IPHONE_IPAD = NO;
				SWIFT_EMIT_LOC_STRINGS = YES;
				SWIFT_VERSION = 5.0;
				TARGETED_DEVICE_FAMILY = "1,2";
			};
			name = Debug;
		};
		C76710F72DBB71A6001069C7 /* Release */ = {
			isa = XCBuildConfiguration;
			baseConfigurationReference = 01A2571BF626EB10661C2D5B /* Pods-CityWalk.release.xcconfig */;
			buildSettings = {
				ASSETCATALOG_COMPILER_APPICON_NAME = AppIcon;
				ASSETCATALOG_COMPILER_GLOBAL_ACCENT_COLOR_NAME = AccentColor;
				CODE_SIGN_STYLE = Automatic;
				CURRENT_PROJECT_VERSION = 1;
				DEVELOPMENT_TEAM = XVK6B2JV78;
				ENABLE_PREVIEWS = YES;
				ENABLE_USER_SCRIPT_SANDBOXING = NO;
				GENERATE_INFOPLIST_FILE = NO;
				INFOPLIST_FILE = CityWalk/Info.plist;
				INFOPLIST_KEY_UIApplicationSceneManifest_Generation = YES;
				INFOPLIST_KEY_UIApplicationSupportsIndirectInputEvents = YES;
				INFOPLIST_KEY_UILaunchScreen_Generation = YES;
				INFOPLIST_KEY_UISupportedInterfaceOrientations_iPad = "UIInterfaceOrientationPortrait UIInterfaceOrientationPortraitUpsideDown UIInterfaceOrientationLandscapeLeft UIInterfaceOrientationLandscapeRight";
				INFOPLIST_KEY_UISupportedInterfaceOrientations_iPhone = "UIInterfaceOrientationPortrait UIInterfaceOrientationLandscapeLeft UIInterfaceOrientationLandscapeRight";
				IPHONEOS_DEPLOYMENT_TARGET = 18.0;
				LD_RUNPATH_SEARCH_PATHS = (
					"$(inherited)",
					"@executable_path/Frameworks",
				);
				MARKETING_VERSION = 1.0;
				PRODUCT_BUNDLE_IDENTIFIER = none.green.CityWalk;
				PRODUCT_NAME = "$(TARGET_NAME)";
				SUPPORTED_PLATFORMS = "iphoneos iphonesimulator";
				SUPPORTS_MACCATALYST = NO;
				SUPPORTS_XR_DESIGNED_FOR_IPHONE_IPAD = NO;
				SWIFT_EMIT_LOC_STRINGS = YES;
				SWIFT_VERSION = 5.0;
				TARGETED_DEVICE_FAMILY = "1,2";
			};
			name = Release;
		};
		C76710F92DBB71A6001069C7 /* Debug */ = {
			isa = XCBuildConfiguration;
			buildSettings = {
				BUNDLE_LOADER = "$(TEST_HOST)";
				CODE_SIGN_STYLE = Automatic;
				CURRENT_PROJECT_VERSION = 1;
				GENERATE_INFOPLIST_FILE = YES;
				IPHONEOS_DEPLOYMENT_TARGET = 18.4;
				MARKETING_VERSION = 1.0;
				PRODUCT_BUNDLE_IDENTIFIER = none.CityWalkTests;
				PRODUCT_NAME = "$(TARGET_NAME)";
				SWIFT_EMIT_LOC_STRINGS = NO;
				SWIFT_VERSION = 5.0;
				TARGETED_DEVICE_FAMILY = "1,2";
				TEST_HOST = "$(BUILT_PRODUCTS_DIR)/CityWalk.app/$(BUNDLE_EXECUTABLE_FOLDER_PATH)/CityWalk";
			};
			name = Debug;
		};
		C76710FA2DBB71A6001069C7 /* Release */ = {
			isa = XCBuildConfiguration;
			buildSettings = {
				BUNDLE_LOADER = "$(TEST_HOST)";
				CODE_SIGN_STYLE = Automatic;
				CURRENT_PROJECT_VERSION = 1;
				GENERATE_INFOPLIST_FILE = YES;
				IPHONEOS_DEPLOYMENT_TARGET = 18.4;
				MARKETING_VERSION = 1.0;
				PRODUCT_BUNDLE_IDENTIFIER = none.CityWalkTests;
				PRODUCT_NAME = "$(TARGET_NAME)";
				SWIFT_EMIT_LOC_STRINGS = NO;
				SWIFT_VERSION = 5.0;
				TARGETED_DEVICE_FAMILY = "1,2";
				TEST_HOST = "$(BUILT_PRODUCTS_DIR)/CityWalk.app/$(BUNDLE_EXECUTABLE_FOLDER_PATH)/CityWalk";
			};
			name = Release;
		};
		C76710FC2DBB71A6001069C7 /* Debug */ = {
			isa = XCBuildConfiguration;
			buildSettings = {
				CODE_SIGN_STYLE = Automatic;
				CURRENT_PROJECT_VERSION = 1;
				GENERATE_INFOPLIST_FILE = YES;
				MARKETING_VERSION = 1.0;
				PRODUCT_BUNDLE_IDENTIFIER = none.CityWalkUITests;
				PRODUCT_NAME = "$(TARGET_NAME)";
				SWIFT_EMIT_LOC_STRINGS = NO;
				SWIFT_VERSION = 5.0;
				TARGETED_DEVICE_FAMILY = "1,2";
				TEST_TARGET_NAME = CityWalk;
			};
			name = Debug;
		};
		C76710FD2DBB71A6001069C7 /* Release */ = {
			isa = XCBuildConfiguration;
			buildSettings = {
				CODE_SIGN_STYLE = Automatic;
				CURRENT_PROJECT_VERSION = 1;
				GENERATE_INFOPLIST_FILE = YES;
				MARKETING_VERSION = 1.0;
				PRODUCT_BUNDLE_IDENTIFIER = none.CityWalkUITests;
				PRODUCT_NAME = "$(TARGET_NAME)";
				SWIFT_EMIT_LOC_STRINGS = NO;
				SWIFT_VERSION = 5.0;
				TARGETED_DEVICE_FAMILY = "1,2";
				TEST_TARGET_NAME = CityWalk;
			};
			name = Release;
		};
/* End XCBuildConfiguration section */

/* Begin XCConfigurationList section */
		C76710CD2DBB71A6001069C7 /* Build configuration list for PBXProject "CityWalk" */ = {
			isa = XCConfigurationList;
			buildConfigurations = (
				C76710F32DBB71A6001069C7 /* Debug */,
				C76710F42DBB71A6001069C7 /* Release */,
			);
			defaultConfigurationIsVisible = 0;
			defaultConfigurationName = Release;
		};
		C76710F52DBB71A6001069C7 /* Build configuration list for PBXNativeTarget "CityWalk" */ = {
			isa = XCConfigurationList;
			buildConfigurations = (
				C76710F62DBB71A6001069C7 /* Debug */,
				C76710F72DBB71A6001069C7 /* Release */,
			);
			defaultConfigurationIsVisible = 0;
			defaultConfigurationName = Release;
		};
		C76710F82DBB71A6001069C7 /* Build configuration list for PBXNativeTarget "CityWalkTests" */ = {
			isa = XCConfigurationList;
			buildConfigurations = (
				C76710F92DBB71A6001069C7 /* Debug */,
				C76710FA2DBB71A6001069C7 /* Release */,
			);
			defaultConfigurationIsVisible = 0;
			defaultConfigurationName = Release;
		};
		C76710FB2DBB71A6001069C7 /* Build configuration list for PBXNativeTarget "CityWalkUITests" */ = {
			isa = XCConfigurationList;
			buildConfigurations = (
				C76710FC2DBB71A6001069C7 /* Debug */,
				C76710FD2DBB71A6001069C7 /* Release */,
			);
			defaultConfigurationIsVisible = 0;
			defaultConfigurationName = Release;
		};
/* End XCConfigurationList section */
	};
	rootObject = C76710CA2DBB71A6001069C7 /* Project object */;
}
